Microsoft Visual Studio Solution File, Format Version 12.00
# Visual Studio Version 17
VisualStudioVersion = 17.5.2.0
MinimumVisualStudioVersion = 10.0.40219.1
Project("{FAE04EC0-301F-11D3-BF4B-00C04F79EFBC}") = "FormularioBlazor", "FormularioBlazor.csproj", "{1A9EEE4E-1551-F9E3-5FBF-DB9CA5BEEECF}"
EndProject
Global
	GlobalSection(SolutionConfigurationPlatforms) = preSolution
		Debug|Any CPU = Debug|Any CPU
		Release|Any CPU = Release|Any CPU
	EndGlobalSection
	GlobalSection(ProjectConfigurationPlatforms) = postSolution
		{1A9EEE4E-1551-F9E3-5FBF-DB9CA5BEEECF}.Debug|Any CPU.ActiveCfg = Debug|Any CPU
		{1A9EEE4E-1551-F9E3-5FBF-DB9CA5BEEECF}.Debug|Any CPU.Build.0 = Debug|Any CPU
		{1A9EEE4E-1551-F9E3-5FBF-DB9CA5BEEECF}.Release|Any CPU.ActiveCfg = Release|Any CPU
		{1A9EEE4E-1551-F9E3-5FBF-DB9CA5BEEECF}.Release|Any CPU.Build.0 = Release|Any CPU
	EndGlobalSection
	GlobalSection(SolutionProperties) = preSolution
		HideSolutionNode = FALSE
	EndGlobalSection
	GlobalSection(ExtensibilityGlobals) = postSolution
		SolutionGuid = {1C138F9A-441C-4D7F-AF8B-7B67A057FB41}
	EndGlobalSection
EndGlobal
